
Microsoft Visual Studio Solution File, Format Version 12.00
# Visual Studio Version 16
VisualStudioVersion = 16.0.30320.27
MinimumVisualStudioVersion = 10.0.40219.1
Project("{FAE04EC0-301F-11D3-BF4B-00C04F79EFBC}") = "DutchTreat", "DutchTreat.csproj", "{B44DBC66-5E46-48F4-B2CE-B44EBA445465}"
EndProject
Global
	GlobalSection(SolutionConfigurationPlatforms) = preSolution
		Debug|Any CPU = Debug|Any CPU
		Release|Any CPU = Release|Any CPU
	EndGlobalSection
	GlobalSection(ProjectConfigurationPlatforms) = postSolution
		{B44DBC66-5E46-48F4-B2CE-B44EBA445465}.Debug|Any CPU.ActiveCfg = Debug|Any CPU
		{B44DBC66-5E46-48F4-B2CE-B44EBA445465}.Debug|Any CPU.Build.0 = Debug|Any CPU
		{B44DBC66-5E46-48F4-B2CE-B44EBA445465}.Release|Any CPU.ActiveCfg = Release|Any CPU
		{B44DBC66-5E46-48F4-B2CE-B44EBA445465}.Release|Any CPU.Build.0 = Release|Any CPU
	EndGlobalSection
	GlobalSection(SolutionProperties) = preSolution
		HideSolutionNode = FALSE
	EndGlobalSection
	GlobalSection(ExtensibilityGlobals) = postSolution
		SolutionGuid = {28C2262D-80C7-4BFA-BA4C-928C4F130C70}
	EndGlobalSection
EndGlobal
